
Microsoft Visual Studio Solution File, Format Version 12.00
# Visual Studio Version 17
VisualStudioVersion = 17.7.34031.279
MinimumVisualStudioVersion = 10.0.40219.1
Project("{FAE04EC0-301F-11D3-BF4B-00C04F79EFBC}") = "BackProp", "BackProp\BackProp.csproj", "{3E3692A7-2228-47D8-B41C-EBE44E2C2E4E}"
EndProject
Global
	GlobalSection(SolutionConfigurationPlatforms) = preSolution
		Debug|Any CPU = Debug|Any CPU
		Release|Any CPU = Release|Any CPU
	EndGlobalSection
	GlobalSection(ProjectConfigurationPlatforms) = postSolution
		{3E3692A7-2228-47D8-B41C-EBE44E2C2E4E}.Debug|Any CPU.ActiveCfg = Debug|Any CPU
		{3E3692A7-2228-47D8-B41C-EBE44E2C2E4E}.Debug|Any CPU.Build.0 = Debug|Any CPU
		{3E3692A7-2228-47D8-B41C-EBE44E2C2E4E}.Release|Any CPU.ActiveCfg = Release|Any CPU
		{3E3692A7-2228-47D8-B41C-EBE44E2C2E4E}.Release|Any CPU.Build.0 = Release|Any CPU
	EndGlobalSection
	GlobalSection(SolutionProperties) = preSolution
		HideSolutionNode = FALSE
	EndGlobalSection
	GlobalSection(ExtensibilityGlobals) = postSolution
		SolutionGuid = {2BEC9659-3D2D-491F-AC51-55E69AF5E01D}
	EndGlobalSection
EndGlobal
